
Microsoft Visual Studio Solution File, Format Version 12.00
Project("{FAE04EC0-301F-11D3-BF4B-00C04F79EFBC}") = "UnitTestingExamples", "UnitTestingExamples\UnitTestingExamples.csproj", "{1866CCC3-D2E2-4E81-9E91-6E3913E98805}"
EndProject
Project("{FAE04EC0-301F-11D3-BF4B-00C04F79EFBC}") = "Module", "Module\Module.csproj", "{1DA77B58-2B74-4935-9DC7-29C270A5AACA}"
EndProject
Project("{FAE04EC0-301F-11D3-BF4B-00C04F79EFBC}") = "Module.Tests", "Module.Tests\Module.Tests.csproj", "{3D20E2ED-585C-4C4D-951F-9A9403D24D76}"
EndProject
Project("{2150E333-8FDC-42A3-9474-1A3956D46DE8}") = "src", "src", "{EF1ABF28-59FE-4F4A-AF10-6C380BFCBD74}"
EndProject
Project("{2150E333-8FDC-42A3-9474-1A3956D46DE8}") = "tests", "tests", "{8DBB7F39-A5B2-44B1-A311-6E43FF57AA1A}"
EndProject
Global
	GlobalSection(SolutionConfigurationPlatforms) = preSolution
		Debug|Any CPU = Debug|Any CPU
		Release|Any CPU = Release|Any CPU
	EndGlobalSection
	GlobalSection(ProjectConfigurationPlatforms) = postSolution
		{1866CCC3-D2E2-4E81-9E91-6E3913E98805}.Debug|Any CPU.ActiveCfg = Debug|Any CPU
		{1866CCC3-D2E2-4E81-9E91-6E3913E98805}.Debug|Any CPU.Build.0 = Debug|Any CPU
		{1866CCC3-D2E2-4E81-9E91-6E3913E98805}.Release|Any CPU.ActiveCfg = Release|Any CPU
		{1866CCC3-D2E2-4E81-9E91-6E3913E98805}.Release|Any CPU.Build.0 = Release|Any CPU
		{1DA77B58-2B74-4935-9DC7-29C270A5AACA}.Debug|Any CPU.ActiveCfg = Debug|Any CPU
		{1DA77B58-2B74-4935-9DC7-29C270A5AACA}.Debug|Any CPU.Build.0 = Debug|Any CPU
		{1DA77B58-2B74-4935-9DC7-29C270A5AACA}.Release|Any CPU.ActiveCfg = Release|Any CPU
		{1DA77B58-2B74-4935-9DC7-29C270A5AACA}.Release|Any CPU.Build.0 = Release|Any CPU
		{3D20E2ED-585C-4C4D-951F-9A9403D24D76}.Debug|Any CPU.ActiveCfg = Debug|Any CPU
		{3D20E2ED-585C-4C4D-951F-9A9403D24D76}.Debug|Any CPU.Build.0 = Debug|Any CPU
		{3D20E2ED-585C-4C4D-951F-9A9403D24D76}.Release|Any CPU.ActiveCfg = Release|Any CPU
		{3D20E2ED-585C-4C4D-951F-9A9403D24D76}.Release|Any CPU.Build.0 = Release|Any CPU
	EndGlobalSection
	GlobalSection(NestedProjects) = preSolution
		{1DA77B58-2B74-4935-9DC7-29C270A5AACA} = {EF1ABF28-59FE-4F4A-AF10-6C380BFCBD74}
		{1866CCC3-D2E2-4E81-9E91-6E3913E98805} = {EF1ABF28-59FE-4F4A-AF10-6C380BFCBD74}
		{3D20E2ED-585C-4C4D-951F-9A9403D24D76} = {8DBB7F39-A5B2-44B1-A311-6E43FF57AA1A}
	EndGlobalSection
EndGlobal
